// !$*UTF8*$!
{
	archiveVersion = 1;
	classes = {
	};
	objectVersion = 56;
	objects = {

/* Begin PBXBuildFile section */
		42B821622924DA8100815394 /* Extensions.swift in Sources */ = {isa = PBXBuildFile; fileRef = 42B821612924DA8100815394 /* Extensions.swift */; };
		42DC3051291FE2B000E98944 /* Flowlayout.swift in Sources */ = {isa = PBXBuildFile; fileRef = 42DC3050291FE2B000E98944 /* Flowlayout.swift */; };
		42DC3055291FE42E00E98944 /* InnerCollectionViewCell.swift in Sources */ = {isa = PBXBuildFile; fileRef = 42DC3053291FE42E00E98944 /* InnerCollectionViewCell.swift */; };
		42DC3056291FE42E00E98944 /* InnerCollectionViewCell.xib in Resources */ = {isa = PBXBuildFile; fileRef = 42DC3054291FE42E00E98944 /* InnerCollectionViewCell.xib */; };
		A0F31A59291D129B00E329DC /* AppDelegate.swift in Sources */ = {isa = PBXBuildFile; fileRef = A0F31A58291D129B00E329DC /* AppDelegate.swift */; };
		A0F31A5B291D129B00E329DC /* SceneDelegate.swift in Sources */ = {isa = PBXBuildFile; fileRef = A0F31A5A291D129B00E329DC /* SceneDelegate.swift */; };
		A0F31A5D291D129B00E329DC /* ViewController.swift in Sources */ = {isa = PBXBuildFile; fileRef = A0F31A5C291D129B00E329DC /* ViewController.swift */; };
		A0F31A60291D129B00E329DC /* Main.storyboard in Resources */ = {isa = PBXBuildFile; fileRef = A0F31A5E291D129B00E329DC /* Main.storyboard */; };
		A0F31A62291D129C00E329DC /* Assets.xcassets in Resources */ = {isa = PBXBuildFile; fileRef = A0F31A61291D129C00E329DC /* Assets.xcassets */; };
		A0F31A65291D129C00E329DC /* LaunchScreen.storyboard in Resources */ = {isa = PBXBuildFile; fileRef = A0F31A63291D129C00E329DC /* LaunchScreen.storyboard */; };
		A0F31A6F291D152500E329DC /* fullWidthItem.swift in Sources */ = {isa = PBXBuildFile; fileRef = A0F31A6D291D152500E329DC /* fullWidthItem.swift */; };
		A0F31A70291D152500E329DC /* fullWidthItem.xib in Resources */ = {isa = PBXBuildFile; fileRef = A0F31A6E291D152500E329DC /* fullWidthItem.xib */; };
		A0F31A75291D15D400E329DC /* MediumCell.swift in Sources */ = {isa = PBXBuildFile; fileRef = A0F31A73291D15D400E329DC /* MediumCell.swift */; };
		A0F31A76291D15D400E329DC /* MediumCell.xib in Resources */ = {isa = PBXBuildFile; fileRef = A0F31A74291D15D400E329DC /* MediumCell.xib */; };
		A0F31A7A291D1C0700E329DC /* MultipleCell.swift in Sources */ = {isa = PBXBuildFile; fileRef = A0F31A78291D1C0700E329DC /* MultipleCell.swift */; };
		A0F31A7B291D1C0700E329DC /* MultipleCell.xib in Resources */ = {isa = PBXBuildFile; fileRef = A0F31A79291D1C0700E329DC /* MultipleCell.xib */; };
/* End PBXBuildFile section */

/* Begin PBXFileReference section */
		42B821612924DA8100815394 /* Extensions.swift */ = {isa = PBXFileReference; lastKnownFileType = sourcecode.swift; path = Extensions.swift; sourceTree = "<group>"; };
		42DC3050291FE2B000E98944 /* Flowlayout.swift */ = {isa = PBXFileReference; lastKnownFileType = sourcecode.swift; path = Flowlayout.swift; sourceTree = "<group>"; };
		42DC3053291FE42E00E98944 /* InnerCollectionViewCell.swift */ = {isa = PBXFileReference; lastKnownFileType = sourcecode.swift; path = InnerCollectionViewCell.swift; sourceTree = "<group>"; };
		42DC3054291FE42E00E98944 /* InnerCollectionViewCell.xib */ = {isa = PBXFileReference; lastKnownFileType = file.xib; path = InnerCollectionViewCell.xib; sourceTree = "<group>"; };
		A0F31A55291D129B00E329DC /* GridViewDesign.app */ = {isa = PBXFileReference; explicitFileType = wrapper.application; includeInIndex = 0; path = GridViewDesign.app; sourceTree = BUILT_PRODUCTS_DIR; };
		A0F31A58291D129B00E329DC /* AppDelegate.swift */ = {isa = PBXFileReference; lastKnownFileType = sourcecode.swift; path = AppDelegate.swift; sourceTree = "<group>"; };
		A0F31A5A291D129B00E329DC /* SceneDelegate.swift */ = {isa = PBXFileReference; lastKnownFileType = sourcecode.swift; path = SceneDelegate.swift; sourceTree = "<group>"; };
		A0F31A5C291D129B00E329DC /* ViewController.swift */ = {isa = PBXFileReference; lastKnownFileType = sourcecode.swift; path = ViewController.swift; sourceTree = "<group>"; };
		A0F31A5F291D129B00E329DC /* Base */ = {isa = PBXFileReference; lastKnownFileType = file.storyboard; name = Base; path = Base.lproj/Main.storyboard; sourceTree = "<group>"; };
		A0F31A61291D129C00E329DC /* Assets.xcassets */ = {isa = PBXFileReference; lastKnownFileType = folder.assetcatalog; path = Assets.xcassets; sourceTree = "<group>"; };
		A0F31A64291D129C00E329DC /* Base */ = {isa = PBXFileReference; lastKnownFileType = file.storyboard; name = Base; path = Base.lproj/LaunchScreen.storyboard; sourceTree = "<group>"; };
		A0F31A66291D129C00E329DC /* Info.plist */ = {isa = PBXFileReference; lastKnownFileType = text.plist.xml; path = Info.plist; sourceTree = "<group>"; };
		A0F31A6D291D152500E329DC /* fullWidthItem.swift */ = {isa = PBXFileReference; lastKnownFileType = sourcecode.swift; path = fullWidthItem.swift; sourceTree = "<group>"; };
		A0F31A6E291D152500E329DC /* fullWidthItem.xib */ = {isa = PBXFileReference; lastKnownFileType = file.xib; path = fullWidthItem.xib; sourceTree = "<group>"; };
		A0F31A73291D15D400E329DC /* MediumCell.swift */ = {isa = PBXFileReference; lastKnownFileType = sourcecode.swift; path = MediumCell.swift; sourceTree = "<group>"; };
		A0F31A74291D15D400E329DC /* MediumCell.xib */ = {isa = PBXFileReference; lastKnownFileType = file.xib; path = MediumCell.xib; sourceTree = "<group>"; };
		A0F31A78291D1C0700E329DC /* MultipleCell.swift */ = {isa = PBXFileReference; lastKnownFileType = sourcecode.swift; path = MultipleCell.swift; sourceTree = "<group>"; };
		A0F31A79291D1C0700E329DC /* MultipleCell.xib */ = {isa = PBXFileReference; lastKnownFileType = file.xib; path = MultipleCell.xib; sourceTree = "<group>"; };
/* End PBXFileReference section */

/* Begin PBXFrameworksBuildPhase section */
		A0F31A52291D129B00E329DC /* Frameworks */ = {
			isa = PBXFrameworksBuildPhase;
			buildActionMask = 2147483647;
			files = (
			);
			runOnlyForDeploymentPostprocessing = 0;
		};
/* End PBXFrameworksBuildPhase section */

/* Begin PBXGroup section */
		42B821602924DA7400815394 /* Extensions */ = {
			isa = PBXGroup;
			children = (
				42B821612924DA8100815394 /* Extensions.swift */,
			);
			path = Extensions;
			sourceTree = "<group>";
		};
		42DC3052291FE40100E98944 /* InnerCollectionViewCell */ = {
			isa = PBXGroup;
			children = (
				42DC3053291FE42E00E98944 /* InnerCollectionViewCell.swift */,
				42DC3054291FE42E00E98944 /* InnerCollectionViewCell.xib */,
			);
			path = InnerCollectionViewCell;
			sourceTree = "<group>";
		};
		A0F31A4C291D129B00E329DC = {
			isa = PBXGroup;
			children = (
				A0F31A57291D129B00E329DC /* GridViewDesign */,
				A0F31A56291D129B00E329DC /* Products */,
			);
			sourceTree = "<group>";
		};
		A0F31A56291D129B00E329DC /* Products */ = {
			isa = PBXGroup;
			children = (
				A0F31A55291D129B00E329DC /* GridViewDesign.app */,
			);
			name = Products;
			sourceTree = "<group>";
		};
		A0F31A57291D129B00E329DC /* GridViewDesign */ = {
			isa = PBXGroup;
			children = (
				42B821602924DA7400815394 /* Extensions */,
				A0F31A6C291D143200E329DC /* Cell */,
				A0F31A58291D129B00E329DC /* AppDelegate.swift */,
				A0F31A5A291D129B00E329DC /* SceneDelegate.swift */,
				A0F31A5C291D129B00E329DC /* ViewController.swift */,
				A0F31A5E291D129B00E329DC /* Main.storyboard */,
				A0F31A61291D129C00E329DC /* Assets.xcassets */,
				A0F31A63291D129C00E329DC /* LaunchScreen.storyboard */,
				A0F31A66291D129C00E329DC /* Info.plist */,
				42DC3050291FE2B000E98944 /* Flowlayout.swift */,
			);
			path = GridViewDesign;
			sourceTree = "<group>";
		};
		A0F31A6C291D143200E329DC /* Cell */ = {
			isa = PBXGroup;
			children = (
				A0F31A77291D1BCF00E329DC /* MultipleItem */,
				A0F31A72291D158F00E329DC /* MediumScreenCell */,
				A0F31A71291D152D00E329DC /* FullWidthCell */,
			);
			path = Cell;
			sourceTree = "<group>";
		};
		A0F31A71291D152D00E329DC /* FullWidthCell */ = {
			isa = PBXGroup;
			children = (
				A0F31A6D291D152500E329DC /* fullWidthItem.swift */,
				A0F31A6E291D152500E329DC /* fullWidthItem.xib */,
			);
			path = FullWidthCell;
			sourceTree = "<group>";
		};
		A0F31A72291D158F00E329DC /* MediumScreenCell */ = {
			isa = PBXGroup;
			children = (
				A0F31A73291D15D400E329DC /* MediumCell.swift */,
				A0F31A74291D15D400E329DC /* MediumCell.xib */,
			);
			path = MediumScreenCell;
			sourceTree = "<group>";
		};
		A0F31A77291D1BCF00E329DC /* MultipleItem */ = {
			isa = PBXGroup;
			children = (
				42DC3052291FE40100E98944 /* InnerCollectionViewCell */,
				A0F31A78291D1C0700E329DC /* MultipleCell.swift */,
				A0F31A79291D1C0700E329DC /* MultipleCell.xib */,
			);
			path = MultipleItem;
			sourceTree = "<group>";
		};
/* End PBXGroup section */

/* Begin PBXNativeTarget section */
		A0F31A54291D129B00E329DC /* GridViewDesign */ = {
			isa = PBXNativeTarget;
			buildConfigurationList = A0F31A69291D129C00E329DC /* Build configuration list for PBXNativeTarget "GridViewDesign" */;
			buildPhases = (
				A0F31A51291D129B00E329DC /* Sources */,
				A0F31A52291D129B00E329DC /* Frameworks */,
				A0F31A53291D129B00E329DC /* Resources */,
			);
			buildRules = (
			);
			dependencies = (
			);
			name = GridViewDesign;
			productName = GridViewDesign;
			productReference = A0F31A55291D129B00E329DC /* GridViewDesign.app */;
			productType = "com.apple.product-type.application";
		};
/* End PBXNativeTarget section */

/* Begin PBXProject section */
		A0F31A4D291D129B00E329DC /* Project object */ = {
			isa = PBXProject;
			attributes = {
				BuildIndependentTargetsInParallel = 1;
				LastSwiftUpdateCheck = 1410;
				LastUpgradeCheck = 1410;
				TargetAttributes = {
					A0F31A54291D129B00E329DC = {
						CreatedOnToolsVersion = 14.1;
					};
				};
			};
			buildConfigurationList = A0F31A50291D129B00E329DC /* Build configuration list for PBXProject "GridViewDesign" */;
			compatibilityVersion = "Xcode 14.0";
			developmentRegion = en;
			hasScannedForEncodings = 0;
			knownRegions = (
				en,
				Base,
			);
			mainGroup = A0F31A4C291D129B00E329DC;
			productRefGroup = A0F31A56291D129B00E329DC /* Products */;
			projectDirPath = "";
			projectRoot = "";
			targets = (
				A0F31A54291D129B00E329DC /* GridViewDesign */,
			);
		};
/* End PBXProject section */

/* Begin PBXResourcesBuildPhase section */
		A0F31A53291D129B00E329DC /* Resources */ = {
			isa = PBXResourcesBuildPhase;
			buildActionMask = 2147483647;
			files = (
				A0F31A70291D152500E329DC /* fullWidthItem.xib in Resources */,
				A0F31A76291D15D400E329DC /* MediumCell.xib in Resources */,
				A0F31A65291D129C00E329DC /* LaunchScreen.storyboard in Resources */,
				A0F31A62291D129C00E329DC /* Assets.xcassets in Resources */,
				A0F31A60291D129B00E329DC /* Main.storyboard in Resources */,
				42DC3056291FE42E00E98944 /* InnerCollectionViewCell.xib in Resources */,
				A0F31A7B291D1C0700E329DC /* MultipleCell.xib in Resources */,
			);
			runOnlyForDeploymentPostprocessing = 0;
		};
/* End PBXResourcesBuildPhase section */

/* Begin PBXSourcesBuildPhase section */
		A0F31A51291D129B00E329DC /* Sources */ = {
			isa = PBXSourcesBuildPhase;
			buildActionMask = 2147483647;
			files = (
				A0F31A6F291D152500E329DC /* fullWidthItem.swift in Sources */,
				42B821622924DA8100815394 /* Extensions.swift in Sources */,
				A0F31A7A291D1C0700E329DC /* MultipleCell.swift in Sources */,
				42DC3051291FE2B000E98944 /* Flowlayout.swift in Sources */,
				42DC3055291FE42E00E98944 /* InnerCollectionViewCell.swift in Sources */,
				A0F31A75291D15D400E329DC /* MediumCell.swift in Sources */,
				A0F31A5D291D129B00E329DC /* ViewController.swift in Sources */,
				A0F31A59291D129B00E329DC /* AppDelegate.swift in Sources */,
				A0F31A5B291D129B00E329DC /* SceneDelegate.swift in Sources */,
			);
			runOnlyForDeploymentPostprocessing = 0;
		};
/* End PBXSourcesBuildPhase section */

/* Begin PBXVariantGroup section */
		A0F31A5E291D129B00E329DC /* Main.storyboard */ = {
			isa = PBXVariantGroup;
			children = (
				A0F31A5F291D129B00E329DC /* Base */,
			);
			name = Main.storyboard;
			sourceTree = "<group>";
		};
		A0F31A63291D129C00E329DC /* LaunchScreen.storyboard */ = {
			isa = PBXVariantGroup;
			children = (
				A0F31A64291D129C00E329DC /* Base */,
			);
			name = LaunchScreen.storyboard;
			sourceTree = "<group>";
		};
/* End PBXVariantGroup section */

/* Begin XCBuildConfiguration section */
		A0F31A67291D129C00E329DC /* Debug */ = {
			isa = XCBuildConfiguration;
			buildSettings = {
				ALWAYS_SEARCH_USER_PATHS = NO;
				CLANG_ANALYZER_NONNULL = YES;
				CLANG_ANALYZER_NUMBER_OBJECT_CONVERSION = YES_AGGRESSIVE;
				CLANG_CXX_LANGUAGE_STANDARD = "gnu++20";
				CLANG_ENABLE_MODULES = YES;
				CLANG_ENABLE_OBJC_ARC = YES;
				CLANG_ENABLE_OBJC_WEAK = YES;
				CLANG_WARN_BLOCK_CAPTURE_AUTORELEASING = YES;
				CLANG_WARN_BOOL_CONVERSION = YES;
				CLANG_WARN_COMMA = YES;
				CLANG_WARN_CONSTANT_CONVERSION = YES;
				CLANG_WARN_DEPRECATED_OBJC_IMPLEMENTATIONS = YES;
				CLANG_WARN_DIRECT_OBJC_ISA_USAGE = YES_ERROR;
				CLANG_WARN_DOCUMENTATION_COMMENTS = YES;
				CLANG_WARN_EMPTY_BODY = YES;
				CLANG_WARN_ENUM_CONVERSION = YES;
				CLANG_WARN_INFINITE_RECURSION = YES;
				CLANG_WARN_INT_CONVERSION = YES;
				CLANG_WARN_NON_LITERAL_NULL_CONVERSION = YES;
				CLANG_WARN_OBJC_IMPLICIT_RETAIN_SELF = YES;
				CLANG_WARN_OBJC_LITERAL_CONVERSION = YES;
				CLANG_WARN_OBJC_ROOT_CLASS = YES_ERROR;
				CLANG_WARN_QUOTED_INCLUDE_IN_FRAMEWORK_HEADER = YES;
				CLANG_WARN_RANGE_LOOP_ANALYSIS = YES;
				CLANG_WARN_STRICT_PROTOTYPES = YES;
				CLANG_WARN_SUSPICIOUS_MOVE = YES;
				CLANG_WARN_UNGUARDED_AVAILABILITY = YES_AGGRESSIVE;
				CLANG_WARN_UNREACHABLE_CODE = YES;
				CLANG_WARN__DUPLICATE_METHOD_MATCH = YES;
				COPY_PHASE_STRIP = NO;
				DEBUG_INFORMATION_FORMAT = dwarf;
				ENABLE_STRICT_OBJC_MSGSEND = YES;
				ENABLE_TESTABILITY = YES;
				GCC_C_LANGUAGE_STANDARD = gnu11;
				GCC_DYNAMIC_NO_PIC = NO;
				GCC_NO_COMMON_BLOCKS = YES;
				GCC_OPTIMIZATION_LEVEL = 0;
				GCC_PREPROCESSOR_DEFINITIONS = (
					"DEBUG=1",
					"$(inherited)",
				);
				GCC_WARN_64_TO_32_BIT_CONVERSION = YES;
				GCC_WARN_ABOUT_RETURN_TYPE = YES_ERROR;
				GCC_WARN_UNDECLARED_SELECTOR = YES;
				GCC_WARN_UNINITIALIZED_AUTOS = YES_AGGRESSIVE;
				GCC_WARN_UNUSED_FUNCTION = YES;
				GCC_WARN_UNUSED_VARIABLE = YES;
				IPHONEOS_DEPLOYMENT_TARGET = 16.1;
				MTL_ENABLE_DEBUG_INFO = INCLUDE_SOURCE;
				MTL_FAST_MATH = YES;
				ONLY_ACTIVE_ARCH = YES;
				SDKROOT = iphoneos;
				SWIFT_ACTIVE_COMPILATION_CONDITIONS = DEBUG;
				SWIFT_OPTIMIZATION_LEVEL = "-Onone";
			};
			name = Debug;
		};
		A0F31A68291D129C00E329DC /* Release */ = {
			isa = XCBuildConfiguration;
			buildSettings = {
				ALWAYS_SEARCH_USER_PATHS = NO;
				CLANG_ANALYZER_NONNULL = YES;
				CLANG_ANALYZER_NUMBER_OBJECT_CONVERSION = YES_AGGRESSIVE;
				CLANG_CXX_LANGUAGE_STANDARD = "gnu++20";
				CLANG_ENABLE_MODULES = YES;
				CLANG_ENABLE_OBJC_ARC = YES;
				CLANG_ENABLE_OBJC_WEAK = YES;
				CLANG_WARN_BLOCK_CAPTURE_AUTORELEASING = YES;
				CLANG_WARN_BOOL_CONVERSION = YES;
				CLANG_WARN_COMMA = YES;
				CLANG_WARN_CONSTANT_CONVERSION = YES;
				CLANG_WARN_DEPRECATED_OBJC_IMPLEMENTATIONS = YES;
				CLANG_WARN_DIRECT_OBJC_ISA_USAGE = YES_ERROR;
				CLANG_WARN_DOCUMENTATION_COMMENTS = YES;
				CLANG_WARN_EMPTY_BODY = YES;
				CLANG_WARN_ENUM_CONVERSION = YES;
				CLANG_WARN_INFINITE_RECURSION = YES;
				CLANG_WARN_INT_CONVERSION = YES;
				CLANG_WARN_NON_LITERAL_NULL_CONVERSION = YES;
				CLANG_WARN_OBJC_IMPLICIT_RETAIN_SELF = YES;
				CLANG_WARN_OBJC_LITERAL_CONVERSION = YES;
				CLANG_WARN_OBJC_ROOT_CLASS = YES_ERROR;
				CLANG_WARN_QUOTED_INCLUDE_IN_FRAMEWORK_HEADER = YES;
				CLANG_WARN_RANGE_LOOP_ANALYSIS = YES;
				CLANG_WARN_STRICT_PROTOTYPES = YES;
				CLANG_WARN_SUSPICIOUS_MOVE = YES;
				CLANG_WARN_UNGUARDED_AVAILABILITY = YES_AGGRESSIVE;
				CLANG_WARN_UNREACHABLE_CODE = YES;
				CLANG_WARN__DUPLICATE_METHOD_MATCH = YES;
				COPY_PHASE_STRIP = NO;
				DEBUG_INFORMATION_FORMAT = "dwarf-with-dsym";
				ENABLE_NS_ASSERTIONS = NO;
				ENABLE_STRICT_OBJC_MSGSEND = YES;
				GCC_C_LANGUAGE_STANDARD = gnu11;
				GCC_NO_COMMON_BLOCKS = YES;
				GCC_WARN_64_TO_32_BIT_CONVERSION = YES;
				GCC_WARN_ABOUT_RETURN_TYPE = YES_ERROR;
				GCC_WARN_UNDECLARED_SELECTOR = YES;
				GCC_WARN_UNINITIALIZED_AUTOS = YES_AGGRESSIVE;
				GCC_WARN_UNUSED_FUNCTION = YES;
				GCC_WARN_UNUSED_VARIABLE = YES;
				IPHONEOS_DEPLOYMENT_TARGET = 16.1;
				MTL_ENABLE_DEBUG_INFO = NO;
				MTL_FAST_MATH = YES;
				SDKROOT = iphoneos;
				SWIFT_COMPILATION_MODE = wholemodule;
				SWIFT_OPTIMIZATION_LEVEL = "-O";
				VALIDATE_PRODUCT = YES;
			};
			name = Release;
		};
		A0F31A6A291D129C00E329DC /* Debug */ = {
			isa = XCBuildConfiguration;
			buildSettings = {
				ASSETCATALOG_COMPILER_APPICON_NAME = AppIcon;
				ASSETCATALOG_COMPILER_GLOBAL_ACCENT_COLOR_NAME = AccentColor;
				CODE_SIGN_STYLE = Automatic;
				CURRENT_PROJECT_VERSION = 1;
				DEVELOPMENT_TEAM = M6Q74PY9M3;
				GENERATE_INFOPLIST_FILE = YES;
				INFOPLIST_FILE = GridViewDesign/Info.plist;
				INFOPLIST_KEY_UIApplicationSupportsIndirectInputEvents = YES;
				INFOPLIST_KEY_UILaunchStoryboardName = LaunchScreen;
				INFOPLIST_KEY_UIMainStoryboardFile = Main;
				INFOPLIST_KEY_UISupportedInterfaceOrientations_iPad = "UIInterfaceOrientationPortrait UIInterfaceOrientationPortraitUpsideDown UIInterfaceOrientationLandscapeLeft UIInterfaceOrientationLandscapeRight";
				INFOPLIST_KEY_UISupportedInterfaceOrientations_iPhone = "UIInterfaceOrientationPortrait UIInterfaceOrientationLandscapeLeft UIInterfaceOrientationLandscapeRight";
				IPHONEOS_DEPLOYMENT_TARGET = 16.0;
				LD_RUNPATH_SEARCH_PATHS = (
					"$(inherited)",
					"@executable_path/Frameworks",
				);
				MARKETING_VERSION = 1.0;
				PRODUCT_BUNDLE_IDENTIFIER = com.ahmed.GridViewDesign;
				PRODUCT_NAME = "$(TARGET_NAME)";
				SWIFT_EMIT_LOC_STRINGS = YES;
				SWIFT_VERSION = 5.0;
				TARGETED_DEVICE_FAMILY = "1,2";
			};
			name = Debug;
		};
		A0F31A6B291D129C00E329DC /* Release */ = {
			isa = XCBuildConfiguration;
			buildSettings = {
				ASSETCATALOG_COMPILER_APPICON_NAME = AppIcon;
				ASSETCATALOG_COMPILER_GLOBAL_ACCENT_COLOR_NAME = AccentColor;
				CODE_SIGN_STYLE = Automatic;
				CURRENT_PROJECT_VERSION = 1;
				DEVELOPMENT_TEAM = M6Q74PY9M3;
				GENERATE_INFOPLIST_FILE = YES;
				INFOPLIST_FILE = GridViewDesign/Info.plist;
				INFOPLIST_KEY_UIApplicationSupportsIndirectInputEvents = YES;
				INFOPLIST_KEY_UILaunchStoryboardName = LaunchScreen;
				INFOPLIST_KEY_UIMainStoryboardFile = Main;
				INFOPLIST_KEY_UISupportedInterfaceOrientations_iPad = "UIInterfaceOrientationPortrait UIInterfaceOrientationPortraitUpsideDown UIInterfaceOrientationLandscapeLeft UIInterfaceOrientationLandscapeRight";
				INFOPLIST_KEY_UISupportedInterfaceOrientations_iPhone = "UIInterfaceOrientationPortrait UIInterfaceOrientationLandscapeLeft UIInterfaceOrientationLandscapeRight";
				IPHONEOS_DEPLOYMENT_TARGET = 16.0;
				LD_RUNPATH_SEARCH_PATHS = (
					"$(inherited)",
					"@executable_path/Frameworks",
				);
				MARKETING_VERSION = 1.0;
				PRODUCT_BUNDLE_IDENTIFIER = com.ahmed.GridViewDesign;
				PRODUCT_NAME = "$(TARGET_NAME)";
				SWIFT_EMIT_LOC_STRINGS = YES;
				SWIFT_VERSION = 5.0;
				TARGETED_DEVICE_FAMILY = "1,2";
			};
			name = Release;
		};
/* End XCBuildConfiguration section */

/* Begin XCConfigurationList section */
		A0F31A50291D129B00E329DC /* Build configuration list for PBXProject "GridViewDesign" */ = {
			isa = XCConfigurationList;
			buildConfigurations = (
				A0F31A67291D129C00E329DC /* Debug */,
				A0F31A68291D129C00E329DC /* Release */,
			);
			defaultConfigurationIsVisible = 0;
			defaultConfigurationName = Release;
		};
		A0F31A69291D129C00E329DC /* Build configuration list for PBXNativeTarget "GridViewDesign" */ = {
			isa = XCConfigurationList;
			buildConfigurations = (
				A0F31A6A291D129C00E329DC /* Debug */,
				A0F31A6B291D129C00E329DC /* Release */,
			);
			defaultConfigurationIsVisible = 0;
			defaultConfigurationName = Release;
		};
/* End XCConfigurationList section */
	};
	rootObject = A0F31A4D291D129B00E329DC /* Project object */;
}
